
Microsoft Visual Studio Solution File, Format Version 12.00
# Visual Studio Version 17
VisualStudioVersion = 17.6.33829.357
MinimumVisualStudioVersion = 10.0.40219.1
Project("{FAE04EC0-301F-11D3-BF4B-00C04F79EFBC}") = "LiteTorrent", "LiteTorrent\LiteTorrent.csproj", "{BD695623-2460-4E37-AB11-93764364AF27}"
EndProject
Global
	GlobalSection(SolutionConfigurationPlatforms) = preSolution
		Debug|Any CPU = Debug|Any CPU
		Release|Any CPU = Release|Any CPU
	EndGlobalSection
	GlobalSection(ProjectConfigurationPlatforms) = postSolution
		{BD695623-2460-4E37-AB11-93764364AF27}.Debug|Any CPU.ActiveCfg = Debug|Any CPU
		{BD695623-2460-4E37-AB11-93764364AF27}.Debug|Any CPU.Build.0 = Debug|Any CPU
		{BD695623-2460-4E37-AB11-93764364AF27}.Release|Any CPU.ActiveCfg = Release|Any CPU
		{BD695623-2460-4E37-AB11-93764364AF27}.Release|Any CPU.Build.0 = Release|Any CPU
	EndGlobalSection
	GlobalSection(SolutionProperties) = preSolution
		HideSolutionNode = FALSE
	EndGlobalSection
	GlobalSection(ExtensibilityGlobals) = postSolution
		SolutionGuid = {7D431351-310C-4A6B-A655-91463AE69187}
	EndGlobalSection
EndGlobal
